
Microsoft Visual Studio Solution File, Format Version 12.00
# Visual Studio Version 17
VisualStudioVersion = 17.3.32811.315
MinimumVisualStudioVersion = 10.0.40219.1
Project("{FAE04EC0-301F-11D3-BF4B-00C04F79EFBC}") = "WebApiAutores", "WebApiAutores\WebApiAutores.csproj", "{7AD582DF-8F65-4EAD-9A35-EFF027DA6DA1}"
EndProject
Global
	GlobalSection(SolutionConfigurationPlatforms) = preSolution
		Debug|Any CPU = Debug|Any CPU
		Release|Any CPU = Release|Any CPU
	EndGlobalSection
	GlobalSection(ProjectConfigurationPlatforms) = postSolution
		{7AD582DF-8F65-4EAD-9A35-EFF027DA6DA1}.Debug|Any CPU.ActiveCfg = Debug|Any CPU
		{7AD582DF-8F65-4EAD-9A35-EFF027DA6DA1}.Debug|Any CPU.Build.0 = Debug|Any CPU
		{7AD582DF-8F65-4EAD-9A35-EFF027DA6DA1}.Release|Any CPU.ActiveCfg = Release|Any CPU
		{7AD582DF-8F65-4EAD-9A35-EFF027DA6DA1}.Release|Any CPU.Build.0 = Release|Any CPU
	EndGlobalSection
	GlobalSection(SolutionProperties) = preSolution
		HideSolutionNode = FALSE
	EndGlobalSection
	GlobalSection(ExtensibilityGlobals) = postSolution
		SolutionGuid = {091A765E-F6A2-42A6-83C9-083203C3F68E}
	EndGlobalSection
EndGlobal
